
Microsoft Visual Studio Solution File, Format Version 12.00
# Visual Studio Version 16
VisualStudioVersion = 16.0.29503.13
MinimumVisualStudioVersion = 10.0.40219.1
Project("{FAE04EC0-301F-11D3-BF4B-00C04F79EFBC}") = "MvvmCrossTest.Ios", "MvvmCrossTest\MvvmCrossTest.Ios.csproj", "{C44BC5CC-ACDB-498A-9317-DFFE721EA740}"
EndProject
Project("{9A19103F-16F7-4668-BE54-9A1E7A4F7556}") = "MvvmCrossTest.Core", "MvvmCrossTest.Core\MvvmCrossTest.Core.csproj", "{CCD1F10C-398E-42D2-8A5F-854A0043778E}"
EndProject
Global
	GlobalSection(SolutionConfigurationPlatforms) = preSolution
		Debug|Any CPU = Debug|Any CPU
		Debug|iPhone = Debug|iPhone
		Debug|iPhoneSimulator = Debug|iPhoneSimulator
		Release|Any CPU = Release|Any CPU
		Release|iPhone = Release|iPhone
		Release|iPhoneSimulator = Release|iPhoneSimulator
	EndGlobalSection
	GlobalSection(ProjectConfigurationPlatforms) = postSolution
		{C44BC5CC-ACDB-498A-9317-DFFE721EA740}.Debug|Any CPU.ActiveCfg = Debug|iPhone
		{C44BC5CC-ACDB-498A-9317-DFFE721EA740}.Debug|iPhone.ActiveCfg = Debug|iPhone
		{C44BC5CC-ACDB-498A-9317-DFFE721EA740}.Debug|iPhone.Build.0 = Debug|iPhone
		{C44BC5CC-ACDB-498A-9317-DFFE721EA740}.Debug|iPhone.Deploy.0 = Debug|iPhone
		{C44BC5CC-ACDB-498A-9317-DFFE721EA740}.Debug|iPhoneSimulator.ActiveCfg = Debug|iPhoneSimulator
		{C44BC5CC-ACDB-498A-9317-DFFE721EA740}.Debug|iPhoneSimulator.Build.0 = Debug|iPhoneSimulator
		{C44BC5CC-ACDB-498A-9317-DFFE721EA740}.Debug|iPhoneSimulator.Deploy.0 = Debug|iPhoneSimulator
		{C44BC5CC-ACDB-498A-9317-DFFE721EA740}.Release|Any CPU.ActiveCfg = Release|iPhone
		{C44BC5CC-ACDB-498A-9317-DFFE721EA740}.Release|iPhone.ActiveCfg = Release|iPhone
		{C44BC5CC-ACDB-498A-9317-DFFE721EA740}.Release|iPhone.Build.0 = Release|iPhone
		{C44BC5CC-ACDB-498A-9317-DFFE721EA740}.Release|iPhone.Deploy.0 = Release|iPhone
		{C44BC5CC-ACDB-498A-9317-DFFE721EA740}.Release|iPhoneSimulator.ActiveCfg = Release|iPhoneSimulator
		{C44BC5CC-ACDB-498A-9317-DFFE721EA740}.Release|iPhoneSimulator.Build.0 = Release|iPhoneSimulator
		{C44BC5CC-ACDB-498A-9317-DFFE721EA740}.Release|iPhoneSimulator.Deploy.0 = Release|iPhoneSimulator
		{CCD1F10C-398E-42D2-8A5F-854A0043778E}.Debug|Any CPU.ActiveCfg = Debug|Any CPU
		{CCD1F10C-398E-42D2-8A5F-854A0043778E}.Debug|Any CPU.Build.0 = Debug|Any CPU
		{CCD1F10C-398E-42D2-8A5F-854A0043778E}.Debug|iPhone.ActiveCfg = Debug|Any CPU
		{CCD1F10C-398E-42D2-8A5F-854A0043778E}.Debug|iPhone.Build.0 = Debug|Any CPU
		{CCD1F10C-398E-42D2-8A5F-854A0043778E}.Debug|iPhoneSimulator.ActiveCfg = Debug|Any CPU
		{CCD1F10C-398E-42D2-8A5F-854A0043778E}.Debug|iPhoneSimulator.Build.0 = Debug|Any CPU
		{CCD1F10C-398E-42D2-8A5F-854A0043778E}.Release|Any CPU.ActiveCfg = Release|Any CPU
		{CCD1F10C-398E-42D2-8A5F-854A0043778E}.Release|Any CPU.Build.0 = Release|Any CPU
		{CCD1F10C-398E-42D2-8A5F-854A0043778E}.Release|iPhone.ActiveCfg = Release|Any CPU
		{CCD1F10C-398E-42D2-8A5F-854A0043778E}.Release|iPhone.Build.0 = Release|Any CPU
		{CCD1F10C-398E-42D2-8A5F-854A0043778E}.Release|iPhoneSimulator.ActiveCfg = Release|Any CPU
		{CCD1F10C-398E-42D2-8A5F-854A0043778E}.Release|iPhoneSimulator.Build.0 = Release|Any CPU
	EndGlobalSection
	GlobalSection(SolutionProperties) = preSolution
		HideSolutionNode = FALSE
	EndGlobalSection
	GlobalSection(ExtensibilityGlobals) = postSolution
		SolutionGuid = {4FE25137-5A21-4AEA-ACE1-149416CE35E1}
	EndGlobalSection
EndGlobal
